
Microsoft Visual Studio Solution File, Format Version 12.00
# Visual Studio Version 17
VisualStudioVersion = 17.9.34607.119
MinimumVisualStudioVersion = 10.0.40219.1
Project("{FAE04EC0-301F-11D3-BF4B-00C04F79EFBC}") = "WpfApp1", "WpfApp1.csproj", "{AE7877C4-118C-4715-952C-C116943A31F6}"
EndProject
Project("{FAE04EC0-301F-11D3-BF4B-00C04F79EFBC}") = "Project1", "..\Project1\Project1.csproj", "{E1E9B054-727A-4D03-8EC1-A27F38AC3B26}"
EndProject
Global
	GlobalSection(SolutionConfigurationPlatforms) = preSolution
		Debug|Any CPU = Debug|Any CPU
		Release|Any CPU = Release|Any CPU
	EndGlobalSection
	GlobalSection(ProjectConfigurationPlatforms) = postSolution
		{AE7877C4-118C-4715-952C-C116943A31F6}.Debug|Any CPU.ActiveCfg = Debug|Any CPU
		{AE7877C4-118C-4715-952C-C116943A31F6}.Debug|Any CPU.Build.0 = Debug|Any CPU
		{AE7877C4-118C-4715-952C-C116943A31F6}.Release|Any CPU.ActiveCfg = Release|Any CPU
		{AE7877C4-118C-4715-952C-C116943A31F6}.Release|Any CPU.Build.0 = Release|Any CPU
		{E1E9B054-727A-4D03-8EC1-A27F38AC3B26}.Debug|Any CPU.ActiveCfg = Debug|Any CPU
		{E1E9B054-727A-4D03-8EC1-A27F38AC3B26}.Debug|Any CPU.Build.0 = Debug|Any CPU
		{E1E9B054-727A-4D03-8EC1-A27F38AC3B26}.Release|Any CPU.ActiveCfg = Release|Any CPU
		{E1E9B054-727A-4D03-8EC1-A27F38AC3B26}.Release|Any CPU.Build.0 = Release|Any CPU
	EndGlobalSection
	GlobalSection(SolutionProperties) = preSolution
		HideSolutionNode = FALSE
	EndGlobalSection
	GlobalSection(ExtensibilityGlobals) = postSolution
		SolutionGuid = {0F026EFB-E24C-4F08-AABC-CF32A0C0BC3A}
	EndGlobalSection
EndGlobal
